
Microsoft Visual Studio Solution File, Format Version 12.00
# Visual Studio Version 17
VisualStudioVersion = 17.14.36310.24
MinimumVisualStudioVersion = 10.0.40219.1
Project("{FAE04EC0-301F-11D3-BF4B-00C04F79EFBC}") = "jft.todoappxamarin01.UWP", "jft.todoappxamarin01\jft.todoappxamarin01.UWP\jft.todoappxamarin01.UWP.csproj", "{A3C5B1CA-49D4-427F-899B-65B142629136}"
EndProject
Project("{FAE04EC0-301F-11D3-BF4B-00C04F79EFBC}") = "jft.todoappxamarin01.Android", "jft.todoappxamarin01\jft.todoappxamarin01.Android\jft.todoappxamarin01.Android.csproj", "{C925B437-6251-40C7-A1FC-55CA3C6F025C}"
EndProject
Project("{FAE04EC0-301F-11D3-BF4B-00C04F79EFBC}") = "jft.todoappxamarin01.iOS", "jft.todoappxamarin01\jft.todoappxamarin01.iOS\jft.todoappxamarin01.iOS.csproj", "{136BA5DE-6D64-4FDA-9FD8-55CA15CF70AA}"
EndProject
Project("{FAE04EC0-301F-11D3-BF4B-00C04F79EFBC}") = "jft.todoappxamarin01", "jft.todoappxamarin01\jft.todoappxamarin01\jft.todoappxamarin01.csproj", "{0C490037-BD08-418D-B235-50109902E9D4}"
EndProject
Project("{2150E333-8FDC-42A3-9474-1A3956D46DE8}") = "Guias", "Guias", "{02EA681E-C7D8-13C7-8484-4AC65E1B71E8}"
EndProject
Project("{FAE04EC0-301F-11D3-BF4B-00C04F79EFBC}") = "jft.todoappxamarin02.UWP", "jft.todoappxamarin02\jft.todoappxamarin02.UWP\jft.todoappxamarin02.UWP.csproj", "{B2342B13-2EC8-4E28-AA46-C655F06F5463}"
EndProject
Project("{FAE04EC0-301F-11D3-BF4B-00C04F79EFBC}") = "jft.todoappxamarin02.Android", "jft.todoappxamarin02\jft.todoappxamarin02.Android\jft.todoappxamarin02.Android.csproj", "{D90299EB-9BE6-4E4E-B370-393CF4913712}"
EndProject
Project("{FAE04EC0-301F-11D3-BF4B-00C04F79EFBC}") = "jft.todoappxamarin02.iOS", "jft.todoappxamarin02\jft.todoappxamarin02.iOS\jft.todoappxamarin02.iOS.csproj", "{FB7A195D-22F6-4620-A8F4-AB27EF5C1BC1}"
EndProject
Project("{FAE04EC0-301F-11D3-BF4B-00C04F79EFBC}") = "jft.todoappxamarin02", "jft.todoappxamarin02\jft.todoappxamarin02\jft.todoappxamarin02.csproj", "{AE7192BF-5502-4115-8891-38536C9D9C3D}"
EndProject
Project("{2150E333-8FDC-42A3-9474-1A3956D46DE8}") = "Submenu", "Submenu", "{C0F5CE0C-0496-425C-8F50-80308A8892C7}"
EndProject
Project("{2150E333-8FDC-42A3-9474-1A3956D46DE8}") = "XamarinForms", "XamarinForms", "{1A36ABEF-D79F-4E97-AF4A-8067774388B5}"
EndProject
Project("{FAE04EC0-301F-11D3-BF4B-00C04F79EFBC}") = "jft.todoappxamarin03.UWP", "jft.todoappxamarin03\jft.todoappxamarin03.UWP\jft.todoappxamarin03.UWP.csproj", "{8FC8D406-A2CE-4210-A0DB-7B8EA29D1AFB}"
EndProject
Project("{FAE04EC0-301F-11D3-BF4B-00C04F79EFBC}") = "jft.todoappxamarin03.Android", "jft.todoappxamarin03\jft.todoappxamarin03.Android\jft.todoappxamarin03.Android.csproj", "{70723F06-BB08-4483-B1AE-95C38EED0D67}"
EndProject
Project("{FAE04EC0-301F-11D3-BF4B-00C04F79EFBC}") = "jft.todoappxamarin03.iOS", "jft.todoappxamarin03\jft.todoappxamarin03.iOS\jft.todoappxamarin03.iOS.csproj", "{84CA5A33-98FE-452E-A9E5-2265395BD86B}"
EndProject
Project("{FAE04EC0-301F-11D3-BF4B-00C04F79EFBC}") = "jft.todoappxamarin03", "jft.todoappxamarin03\jft.todoappxamarin03\jft.todoappxamarin03.csproj", "{D09C5BBF-FDD6-4032-812A-DD1BFBAE3019}"
EndProject
Project("{2150E333-8FDC-42A3-9474-1A3956D46DE8}") = "Vazio", "Vazio", "{D9A05828-DF35-47F3-A9C9-619608DF165D}"
EndProject
Project("{FAE04EC0-301F-11D3-BF4B-00C04F79EFBC}") = "jft.todoxamarin01", "jft.todoxamarin01\jft.todoxamarin01.csproj", "{9AB42A45-659F-4C95-81E2-2739D1A0039A}"
EndProject
Project("{2150E333-8FDC-42A3-9474-1A3956D46DE8}") = "Xamarin", "Xamarin", "{CEA30E97-9B3D-4D1D-AD90-7D396766F4B1}"
EndProject
Project("{2150E333-8FDC-42A3-9474-1A3956D46DE8}") = "ExibicaoUnica", "ExibicaoUnica", "{13520D6E-A9E5-401E-B934-09D5326DE2A0}"
EndProject
Project("{FAE04EC0-301F-11D3-BF4B-00C04F79EFBC}") = "jft.todoxamarin02", "jft.todoxamarin02\jft.todoxamarin02.csproj", "{336D9842-42F8-4B6C-91D0-7BD61B1CC5C1}"
EndProject
Project("{2150E333-8FDC-42A3-9474-1A3956D46DE8}") = "GavetaNavegacao", "GavetaNavegacao", "{3A35A936-DE76-4BF3-B3D8-A8BBBFEF7524}"
EndProject
Project("{FAE04EC0-301F-11D3-BF4B-00C04F79EFBC}") = "jft.todoxamarin03", "jft.todoxamarin03\jft.todoxamarin03.csproj", "{44F95914-6C2E-43EF-AEB8-1485E88EA857}"
EndProject
Project("{2150E333-8FDC-42A3-9474-1A3956D46DE8}") = "Guias", "Guias", "{B158A554-FD51-4CCC-8308-1967911D904A}"
EndProject
Project("{FAE04EC0-301F-11D3-BF4B-00C04F79EFBC}") = "jft.todoxamarin04", "jft.todoxamarin04\jft.todoxamarin04.csproj", "{40DCB761-3339-4E44-929D-DC2770C93906}"
EndProject
Project("{2150E333-8FDC-42A3-9474-1A3956D46DE8}") = "Vazio", "Vazio", "{129A1D0E-411E-468C-8313-AFEA56D9216C}"
EndProject
Project("{2150E333-8FDC-42A3-9474-1A3956D46DE8}") = "Projeto", "Projeto", "{525FE0F1-CF2C-44C9-ABCD-1C28059A5C0E}"
EndProject
Project("{2150E333-8FDC-42A3-9474-1A3956D46DE8}") = "Projeto", "Projeto", "{4D3A4FB6-C2FC-4D2E-99FC-602CFB9DF234}"
EndProject
Project("{2150E333-8FDC-42A3-9474-1A3956D46DE8}") = "MAUI", "MAUI", "{9059B400-9778-4EBA-9651-20FA8DE37FDD}"
EndProject
Project("{FAE04EC0-301F-11D3-BF4B-00C04F79EFBC}") = "AndroidApp01", "AndroidApp01\AndroidApp01.csproj", "{9574C727-C91B-4A2A-954F-D794EC529E74}"
EndProject
Project("{2150E333-8FDC-42A3-9474-1A3956D46DE8}") = "AndroidAppTemplate", "AndroidAppTemplate", "{6F946A18-1D74-4D43-A22B-FD1618745777}"
EndProject
Project("{39E2626F-3545-4960-A6E8-258AD8476CE5}") = "Android01", "Android01\Android01.androidproj", "{18F64409-2803-4678-8DFB-25191BF30E04}"
EndProject
Project("{2150E333-8FDC-42A3-9474-1A3956D46DE8}") = "AndroidBasico", "AndroidBasico", "{5DF05BB4-17B5-4E4C-8A6E-886C07616DD5}"
EndProject
Project("{FAE04EC0-301F-11D3-BF4B-00C04F79EFBC}") = "jft.ToDoXamarinForm.UWP", "jft.ToDoXamarinForm\jft.ToDoXamarinForm.UWP\jft.ToDoXamarinForm.UWP.csproj", "{D4E363C9-875A-44B4-B9B2-DD3EEB397465}"
EndProject
Project("{FAE04EC0-301F-11D3-BF4B-00C04F79EFBC}") = "jft.ToDoXamarinForm.Android", "jft.ToDoXamarinForm\jft.ToDoXamarinForm.Android\jft.ToDoXamarinForm.Android.csproj", "{3B9EBE36-EE57-4201-986F-7CD0C15B7C61}"
EndProject
Project("{FAE04EC0-301F-11D3-BF4B-00C04F79EFBC}") = "jft.ToDoXamarinForm.iOS", "jft.ToDoXamarinForm\jft.ToDoXamarinForm.iOS\jft.ToDoXamarinForm.iOS.csproj", "{546D5F91-400F-4BF5-AFD9-D499238AE192}"
EndProject
Project("{FAE04EC0-301F-11D3-BF4B-00C04F79EFBC}") = "jft.ToDoXamarinForm", "jft.ToDoXamarinForm\jft.ToDoXamarinForm\jft.ToDoXamarinForm.csproj", "{77E45909-F5FD-4D6C-A0C5-E78E490799AB}"
EndProject
Project("{2150E333-8FDC-42A3-9474-1A3956D46DE8}") = "v01", "v01", "{9B1EBC7D-D6E1-42A0-B82E-DD97353DE416}"
EndProject
Project("{2150E333-8FDC-42A3-9474-1A3956D46DE8}") = "Exemplos", "Exemplos", "{4E7F22A9-7DE5-42F4-866E-119F6BC22481}"
EndProject
Project("{FAE04EC0-301F-11D3-BF4B-00C04F79EFBC}") = "ToDoApp", "exemplos\ToDoApp\ToDoApp\ToDoApp.csproj", "{945E4E9E-D726-B798-3F37-BE6CBD5FDE1E}"
EndProject
Project("{FAE04EC0-301F-11D3-BF4B-00C04F79EFBC}") = "Todo", "exemplos\Todo\Todo\Todo.csproj", "{940D8585-7CB2-A024-D9D6-1377EE44151D}"
EndProject
Project("{FAE04EC0-301F-11D3-BF4B-00C04F79EFBC}") = "Todo.Android", "exemplos\Todo\Todo.Android\Todo.Android.csproj", "{E3C837EA-74A6-45BD-B429-6B746035B331}"
EndProject
Project("{2150E333-8FDC-42A3-9474-1A3956D46DE8}") = "privisaodotempo", "privisaodotempo", "{B9D1A410-3B23-4692-A924-EB1C3A7FAF34}"
EndProject
Project("{FAE04EC0-301F-11D3-BF4B-00C04F79EFBC}") = "XF_PrevisaoTempo", "exemplos\XF_PrevisaoTempo\XF_PrevisaoTempo.csproj", "{A88AC190-12FB-9550-B013-4E6935955CB2}"
EndProject
Project("{FAE04EC0-301F-11D3-BF4B-00C04F79EFBC}") = "XF_PrevisaoTempo.Android", "exemplos\XF_PrevisaoTempo.Android\XF_PrevisaoTempo.Android.csproj", "{771076D2-3394-4816-A4A1-1A13F3B267AB}"
EndProject
Global
	GlobalSection(SolutionConfigurationPlatforms) = preSolution
		Debug|ARM = Debug|ARM
		Debug|ARM64 = Debug|ARM64
		Debug|x64 = Debug|x64
		Debug|x86 = Debug|x86
		Release|ARM = Release|ARM
		Release|ARM64 = Release|ARM64
		Release|x64 = Release|x64
		Release|x86 = Release|x86
	EndGlobalSection
	GlobalSection(ProjectConfigurationPlatforms) = postSolution
		{A3C5B1CA-49D4-427F-899B-65B142629136}.Debug|ARM.ActiveCfg = Debug|ARM
		{A3C5B1CA-49D4-427F-899B-65B142629136}.Debug|ARM.Build.0 = Debug|ARM
		{A3C5B1CA-49D4-427F-899B-65B142629136}.Debug|ARM.Deploy.0 = Debug|ARM
		{A3C5B1CA-49D4-427F-899B-65B142629136}.Debug|ARM64.ActiveCfg = Debug|x64
		{A3C5B1CA-49D4-427F-899B-65B142629136}.Debug|ARM64.Build.0 = Debug|x64
		{A3C5B1CA-49D4-427F-899B-65B142629136}.Debug|ARM64.Deploy.0 = Debug|x64
		{A3C5B1CA-49D4-427F-899B-65B142629136}.Debug|x64.ActiveCfg = Debug|x64
		{A3C5B1CA-49D4-427F-899B-65B142629136}.Debug|x64.Build.0 = Debug|x64
		{A3C5B1CA-49D4-427F-899B-65B142629136}.Debug|x64.Deploy.0 = Debug|x64
		{A3C5B1CA-49D4-427F-899B-65B142629136}.Debug|x86.ActiveCfg = Debug|x86
		{A3C5B1CA-49D4-427F-899B-65B142629136}.Debug|x86.Build.0 = Debug|x86
		{A3C5B1CA-49D4-427F-899B-65B142629136}.Debug|x86.Deploy.0 = Debug|x86
		{A3C5B1CA-49D4-427F-899B-65B142629136}.Release|ARM.ActiveCfg = Release|ARM
		{A3C5B1CA-49D4-427F-899B-65B142629136}.Release|ARM.Build.0 = Release|ARM
		{A3C5B1CA-49D4-427F-899B-65B142629136}.Release|ARM.Deploy.0 = Release|ARM
		{A3C5B1CA-49D4-427F-899B-65B142629136}.Release|ARM64.ActiveCfg = Release|x64
		{A3C5B1CA-49D4-427F-899B-65B142629136}.Release|ARM64.Build.0 = Release|x64
		{A3C5B1CA-49D4-427F-899B-65B142629136}.Release|ARM64.Deploy.0 = Release|x64
		{A3C5B1CA-49D4-427F-899B-65B142629136}.Release|x64.ActiveCfg = Release|x64
		{A3C5B1CA-49D4-427F-899B-65B142629136}.Release|x64.Build.0 = Release|x64
		{A3C5B1CA-49D4-427F-899B-65B142629136}.Release|x64.Deploy.0 = Release|x64
		{A3C5B1CA-49D4-427F-899B-65B142629136}.Release|x86.ActiveCfg = Release|x86
		{A3C5B1CA-49D4-427F-899B-65B142629136}.Release|x86.Build.0 = Release|x86
		{A3C5B1CA-49D4-427F-899B-65B142629136}.Release|x86.Deploy.0 = Release|x86
		{C925B437-6251-40C7-A1FC-55CA3C6F025C}.Debug|ARM.ActiveCfg = Debug|Any CPU
		{C925B437-6251-40C7-A1FC-55CA3C6F025C}.Debug|ARM.Build.0 = Debug|Any CPU
		{C925B437-6251-40C7-A1FC-55CA3C6F025C}.Debug|ARM.Deploy.0 = Debug|Any CPU
		{C925B437-6251-40C7-A1FC-55CA3C6F025C}.Debug|ARM64.ActiveCfg = Debug|Any CPU
		{C925B437-6251-40C7-A1FC-55CA3C6F025C}.Debug|ARM64.Build.0 = Debug|Any CPU
		{C925B437-6251-40C7-A1FC-55CA3C6F025C}.Debug|ARM64.Deploy.0 = Debug|Any CPU
		{C925B437-6251-40C7-A1FC-55CA3C6F025C}.Debug|x64.ActiveCfg = Debug|Any CPU
		{C925B437-6251-40C7-A1FC-55CA3C6F025C}.Debug|x64.Build.0 = Debug|Any CPU
		{C925B437-6251-40C7-A1FC-55CA3C6F025C}.Debug|x64.Deploy.0 = Debug|Any CPU
		{C925B437-6251-40C7-A1FC-55CA3C6F025C}.Debug|x86.ActiveCfg = Debug|Any CPU
		{C925B437-6251-40C7-A1FC-55CA3C6F025C}.Debug|x86.Build.0 = Debug|Any CPU
		{C925B437-6251-40C7-A1FC-55CA3C6F025C}.Debug|x86.Deploy.0 = Debug|Any CPU
		{C925B437-6251-40C7-A1FC-55CA3C6F025C}.Release|ARM.ActiveCfg = Release|Any CPU
		{C925B437-6251-40C7-A1FC-55CA3C6F025C}.Release|ARM.Build.0 = Release|Any CPU
		{C925B437-6251-40C7-A1FC-55CA3C6F025C}.Release|ARM.Deploy.0 = Release|Any CPU
		{C925B437-6251-40C7-A1FC-55CA3C6F025C}.Release|ARM64.ActiveCfg = Release|Any CPU
		{C925B437-6251-40C7-A1FC-55CA3C6F025C}.Release|ARM64.Build.0 = Release|Any CPU
		{C925B437-6251-40C7-A1FC-55CA3C6F025C}.Release|ARM64.Deploy.0 = Release|Any CPU
		{C925B437-6251-40C7-A1FC-55CA3C6F025C}.Release|x64.ActiveCfg = Release|Any CPU
		{C925B437-6251-40C7-A1FC-55CA3C6F025C}.Release|x64.Build.0 = Release|Any CPU
		{C925B437-6251-40C7-A1FC-55CA3C6F025C}.Release|x64.Deploy.0 = Release|Any CPU
		{C925B437-6251-40C7-A1FC-55CA3C6F025C}.Release|x86.ActiveCfg = Release|Any CPU
		{C925B437-6251-40C7-A1FC-55CA3C6F025C}.Release|x86.Build.0 = Release|Any CPU
		{C925B437-6251-40C7-A1FC-55CA3C6F025C}.Release|x86.Deploy.0 = Release|Any CPU
		{136BA5DE-6D64-4FDA-9FD8-55CA15CF70AA}.Debug|ARM.ActiveCfg = Debug|iPhoneSimulator
		{136BA5DE-6D64-4FDA-9FD8-55CA15CF70AA}.Debug|ARM.Build.0 = Debug|iPhoneSimulator
		{136BA5DE-6D64-4FDA-9FD8-55CA15CF70AA}.Debug|ARM64.ActiveCfg = Debug|iPhoneSimulator
		{136BA5DE-6D64-4FDA-9FD8-55CA15CF70AA}.Debug|ARM64.Build.0 = Debug|iPhoneSimulator
		{136BA5DE-6D64-4FDA-9FD8-55CA15CF70AA}.Debug|x64.ActiveCfg = Debug|iPhoneSimulator
		{136BA5DE-6D64-4FDA-9FD8-55CA15CF70AA}.Debug|x64.Build.0 = Debug|iPhoneSimulator
		{136BA5DE-6D64-4FDA-9FD8-55CA15CF70AA}.Debug|x86.ActiveCfg = Debug|iPhoneSimulator
		{136BA5DE-6D64-4FDA-9FD8-55CA15CF70AA}.Debug|x86.Build.0 = Debug|iPhoneSimulator
		{136BA5DE-6D64-4FDA-9FD8-55CA15CF70AA}.Release|ARM.ActiveCfg = Release|iPhoneSimulator
		{136BA5DE-6D64-4FDA-9FD8-55CA15CF70AA}.Release|ARM.Build.0 = Release|iPhoneSimulator
		{136BA5DE-6D64-4FDA-9FD8-55CA15CF70AA}.Release|ARM64.ActiveCfg = Release|iPhoneSimulator
		{136BA5DE-6D64-4FDA-9FD8-55CA15CF70AA}.Release|ARM64.Build.0 = Release|iPhoneSimulator
		{136BA5DE-6D64-4FDA-9FD8-55CA15CF70AA}.Release|x64.ActiveCfg = Release|iPhoneSimulator
		{136BA5DE-6D64-4FDA-9FD8-55CA15CF70AA}.Release|x64.Build.0 = Release|iPhoneSimulator
		{136BA5DE-6D64-4FDA-9FD8-55CA15CF70AA}.Release|x86.ActiveCfg = Release|iPhoneSimulator
		{136BA5DE-6D64-4FDA-9FD8-55CA15CF70AA}.Release|x86.Build.0 = Release|iPhoneSimulator
		{0C490037-BD08-418D-B235-50109902E9D4}.Debug|ARM.ActiveCfg = Debug|Any CPU
		{0C490037-BD08-418D-B235-50109902E9D4}.Debug|ARM.Build.0 = Debug|Any CPU
		{0C490037-BD08-418D-B235-50109902E9D4}.Debug|ARM64.ActiveCfg = Debug|Any CPU
		{0C490037-BD08-418D-B235-50109902E9D4}.Debug|ARM64.Build.0 = Debug|Any CPU
		{0C490037-BD08-418D-B235-50109902E9D4}.Debug|x64.ActiveCfg = Debug|Any CPU
		{0C490037-BD08-418D-B235-50109902E9D4}.Debug|x64.Build.0 = Debug|Any CPU
		{0C490037-BD08-418D-B235-50109902E9D4}.Debug|x86.ActiveCfg = Debug|Any CPU
		{0C490037-BD08-418D-B235-50109902E9D4}.Debug|x86.Build.0 = Debug|Any CPU
		{0C490037-BD08-418D-B235-50109902E9D4}.Release|ARM.ActiveCfg = Release|Any CPU
		{0C490037-BD08-418D-B235-50109902E9D4}.Release|ARM.Build.0 = Release|Any CPU
		{0C490037-BD08-418D-B235-50109902E9D4}.Release|ARM64.ActiveCfg = Release|Any CPU
		{0C490037-BD08-418D-B235-50109902E9D4}.Release|ARM64.Build.0 = Release|Any CPU
		{0C490037-BD08-418D-B235-50109902E9D4}.Release|x64.ActiveCfg = Release|Any CPU
		{0C490037-BD08-418D-B235-50109902E9D4}.Release|x64.Build.0 = Release|Any CPU
		{0C490037-BD08-418D-B235-50109902E9D4}.Release|x86.ActiveCfg = Release|Any CPU
		{0C490037-BD08-418D-B235-50109902E9D4}.Release|x86.Build.0 = Release|Any CPU
		{B2342B13-2EC8-4E28-AA46-C655F06F5463}.Debug|ARM.ActiveCfg = Debug|ARM
		{B2342B13-2EC8-4E28-AA46-C655F06F5463}.Debug|ARM.Build.0 = Debug|ARM
		{B2342B13-2EC8-4E28-AA46-C655F06F5463}.Debug|ARM.Deploy.0 = Debug|ARM
		{B2342B13-2EC8-4E28-AA46-C655F06F5463}.Debug|ARM64.ActiveCfg = Debug|x64
		{B2342B13-2EC8-4E28-AA46-C655F06F5463}.Debug|ARM64.Build.0 = Debug|x64
		{B2342B13-2EC8-4E28-AA46-C655F06F5463}.Debug|ARM64.Deploy.0 = Debug|x64
		{B2342B13-2EC8-4E28-AA46-C655F06F5463}.Debug|x64.ActiveCfg = Debug|x64
		{B2342B13-2EC8-4E28-AA46-C655F06F5463}.Debug|x64.Build.0 = Debug|x64
		{B2342B13-2EC8-4E28-AA46-C655F06F5463}.Debug|x64.Deploy.0 = Debug|x64
		{B2342B13-2EC8-4E28-AA46-C655F06F5463}.Debug|x86.ActiveCfg = Debug|x86
		{B2342B13-2EC8-4E28-AA46-C655F06F5463}.Debug|x86.Build.0 = Debug|x86
		{B2342B13-2EC8-4E28-AA46-C655F06F5463}.Debug|x86.Deploy.0 = Debug|x86
		{B2342B13-2EC8-4E28-AA46-C655F06F5463}.Release|ARM.ActiveCfg = Release|ARM
		{B2342B13-2EC8-4E28-AA46-C655F06F5463}.Release|ARM.Build.0 = Release|ARM
		{B2342B13-2EC8-4E28-AA46-C655F06F5463}.Release|ARM.Deploy.0 = Release|ARM
		{B2342B13-2EC8-4E28-AA46-C655F06F5463}.Release|ARM64.ActiveCfg = Release|x64
		{B2342B13-2EC8-4E28-AA46-C655F06F5463}.Release|ARM64.Build.0 = Release|x64
		{B2342B13-2EC8-4E28-AA46-C655F06F5463}.Release|ARM64.Deploy.0 = Release|x64
		{B2342B13-2EC8-4E28-AA46-C655F06F5463}.Release|x64.ActiveCfg = Release|x64
		{B2342B13-2EC8-4E28-AA46-C655F06F5463}.Release|x64.Build.0 = Release|x64
		{B2342B13-2EC8-4E28-AA46-C655F06F5463}.Release|x64.Deploy.0 = Release|x64
		{B2342B13-2EC8-4E28-AA46-C655F06F5463}.Release|x86.ActiveCfg = Release|x86
		{B2342B13-2EC8-4E28-AA46-C655F06F5463}.Release|x86.Build.0 = Release|x86
		{B2342B13-2EC8-4E28-AA46-C655F06F5463}.Release|x86.Deploy.0 = Release|x86
		{D90299EB-9BE6-4E4E-B370-393CF4913712}.Debug|ARM.ActiveCfg = Debug|Any CPU
		{D90299EB-9BE6-4E4E-B370-393CF4913712}.Debug|ARM.Build.0 = Debug|Any CPU
		{D90299EB-9BE6-4E4E-B370-393CF4913712}.Debug|ARM.Deploy.0 = Debug|Any CPU
		{D90299EB-9BE6-4E4E-B370-393CF4913712}.Debug|ARM64.ActiveCfg = Debug|Any CPU
		{D90299EB-9BE6-4E4E-B370-393CF4913712}.Debug|ARM64.Build.0 = Debug|Any CPU
		{D90299EB-9BE6-4E4E-B370-393CF4913712}.Debug|ARM64.Deploy.0 = Debug|Any CPU
		{D90299EB-9BE6-4E4E-B370-393CF4913712}.Debug|x64.ActiveCfg = Debug|Any CPU
		{D90299EB-9BE6-4E4E-B370-393CF4913712}.Debug|x64.Build.0 = Debug|Any CPU
		{D90299EB-9BE6-4E4E-B370-393CF4913712}.Debug|x64.Deploy.0 = Debug|Any CPU
		{D90299EB-9BE6-4E4E-B370-393CF4913712}.Debug|x86.ActiveCfg = Debug|Any CPU
		{D90299EB-9BE6-4E4E-B370-393CF4913712}.Debug|x86.Build.0 = Debug|Any CPU
		{D90299EB-9BE6-4E4E-B370-393CF4913712}.Debug|x86.Deploy.0 = Debug|Any CPU
		{D90299EB-9BE6-4E4E-B370-393CF4913712}.Release|ARM.ActiveCfg = Release|Any CPU
		{D90299EB-9BE6-4E4E-B370-393CF4913712}.Release|ARM.Build.0 = Release|Any CPU
		{D90299EB-9BE6-4E4E-B370-393CF4913712}.Release|ARM.Deploy.0 = Release|Any CPU
		{D90299EB-9BE6-4E4E-B370-393CF4913712}.Release|ARM64.ActiveCfg = Release|Any CPU
		{D90299EB-9BE6-4E4E-B370-393CF4913712}.Release|ARM64.Build.0 = Release|Any CPU
		{D90299EB-9BE6-4E4E-B370-393CF4913712}.Release|ARM64.Deploy.0 = Release|Any CPU
		{D90299EB-9BE6-4E4E-B370-393CF4913712}.Release|x64.ActiveCfg = Release|Any CPU
		{D90299EB-9BE6-4E4E-B370-393CF4913712}.Release|x64.Build.0 = Release|Any CPU
		{D90299EB-9BE6-4E4E-B370-393CF4913712}.Release|x64.Deploy.0 = Release|Any CPU
		{D90299EB-9BE6-4E4E-B370-393CF4913712}.Release|x86.ActiveCfg = Release|Any CPU
		{D90299EB-9BE6-4E4E-B370-393CF4913712}.Release|x86.Build.0 = Release|Any CPU
		{D90299EB-9BE6-4E4E-B370-393CF4913712}.Release|x86.Deploy.0 = Release|Any CPU
		{FB7A195D-22F6-4620-A8F4-AB27EF5C1BC1}.Debug|ARM.ActiveCfg = Debug|iPhoneSimulator
		{FB7A195D-22F6-4620-A8F4-AB27EF5C1BC1}.Debug|ARM.Build.0 = Debug|iPhoneSimulator
		{FB7A195D-22F6-4620-A8F4-AB27EF5C1BC1}.Debug|ARM64.ActiveCfg = Debug|iPhoneSimulator
		{FB7A195D-22F6-4620-A8F4-AB27EF5C1BC1}.Debug|ARM64.Build.0 = Debug|iPhoneSimulator
		{FB7A195D-22F6-4620-A8F4-AB27EF5C1BC1}.Debug|x64.ActiveCfg = Debug|iPhoneSimulator
		{FB7A195D-22F6-4620-A8F4-AB27EF5C1BC1}.Debug|x64.Build.0 = Debug|iPhoneSimulator
		{FB7A195D-22F6-4620-A8F4-AB27EF5C1BC1}.Debug|x86.ActiveCfg = Debug|iPhoneSimulator
		{FB7A195D-22F6-4620-A8F4-AB27EF5C1BC1}.Debug|x86.Build.0 = Debug|iPhoneSimulator
		{FB7A195D-22F6-4620-A8F4-AB27EF5C1BC1}.Release|ARM.ActiveCfg = Release|iPhoneSimulator
		{FB7A195D-22F6-4620-A8F4-AB27EF5C1BC1}.Release|ARM.Build.0 = Release|iPhoneSimulator
		{FB7A195D-22F6-4620-A8F4-AB27EF5C1BC1}.Release|ARM64.ActiveCfg = Release|iPhoneSimulator
		{FB7A195D-22F6-4620-A8F4-AB27EF5C1BC1}.Release|ARM64.Build.0 = Release|iPhoneSimulator
		{FB7A195D-22F6-4620-A8F4-AB27EF5C1BC1}.Release|x64.ActiveCfg = Release|iPhoneSimulator
		{FB7A195D-22F6-4620-A8F4-AB27EF5C1BC1}.Release|x64.Build.0 = Release|iPhoneSimulator
		{FB7A195D-22F6-4620-A8F4-AB27EF5C1BC1}.Release|x86.ActiveCfg = Release|iPhoneSimulator
		{FB7A195D-22F6-4620-A8F4-AB27EF5C1BC1}.Release|x86.Build.0 = Release|iPhoneSimulator
		{AE7192BF-5502-4115-8891-38536C9D9C3D}.Debug|ARM.ActiveCfg = Debug|Any CPU
		{AE7192BF-5502-4115-8891-38536C9D9C3D}.Debug|ARM.Build.0 = Debug|Any CPU
		{AE7192BF-5502-4115-8891-38536C9D9C3D}.Debug|ARM64.ActiveCfg = Debug|Any CPU
		{AE7192BF-5502-4115-8891-38536C9D9C3D}.Debug|ARM64.Build.0 = Debug|Any CPU
		{AE7192BF-5502-4115-8891-38536C9D9C3D}.Debug|x64.ActiveCfg = Debug|Any CPU
		{AE7192BF-5502-4115-8891-38536C9D9C3D}.Debug|x64.Build.0 = Debug|Any CPU
		{AE7192BF-5502-4115-8891-38536C9D9C3D}.Debug|x86.ActiveCfg = Debug|Any CPU
		{AE7192BF-5502-4115-8891-38536C9D9C3D}.Debug|x86.Build.0 = Debug|Any CPU
		{AE7192BF-5502-4115-8891-38536C9D9C3D}.Release|ARM.ActiveCfg = Release|Any CPU
		{AE7192BF-5502-4115-8891-38536C9D9C3D}.Release|ARM.Build.0 = Release|Any CPU
		{AE7192BF-5502-4115-8891-38536C9D9C3D}.Release|ARM64.ActiveCfg = Release|Any CPU
		{AE7192BF-5502-4115-8891-38536C9D9C3D}.Release|ARM64.Build.0 = Release|Any CPU
		{AE7192BF-5502-4115-8891-38536C9D9C3D}.Release|x64.ActiveCfg = Release|Any CPU
		{AE7192BF-5502-4115-8891-38536C9D9C3D}.Release|x64.Build.0 = Release|Any CPU
		{AE7192BF-5502-4115-8891-38536C9D9C3D}.Release|x86.ActiveCfg = Release|Any CPU
		{AE7192BF-5502-4115-8891-38536C9D9C3D}.Release|x86.Build.0 = Release|Any CPU
		{8FC8D406-A2CE-4210-A0DB-7B8EA29D1AFB}.Debug|ARM.ActiveCfg = Debug|ARM
		{8FC8D406-A2CE-4210-A0DB-7B8EA29D1AFB}.Debug|ARM.Build.0 = Debug|ARM
		{8FC8D406-A2CE-4210-A0DB-7B8EA29D1AFB}.Debug|ARM.Deploy.0 = Debug|ARM
		{8FC8D406-A2CE-4210-A0DB-7B8EA29D1AFB}.Debug|ARM64.ActiveCfg = Debug|x64
		{8FC8D406-A2CE-4210-A0DB-7B8EA29D1AFB}.Debug|ARM64.Build.0 = Debug|x64
		{8FC8D406-A2CE-4210-A0DB-7B8EA29D1AFB}.Debug|ARM64.Deploy.0 = Debug|x64
		{8FC8D406-A2CE-4210-A0DB-7B8EA29D1AFB}.Debug|x64.ActiveCfg = Debug|x64
		{8FC8D406-A2CE-4210-A0DB-7B8EA29D1AFB}.Debug|x64.Build.0 = Debug|x64
		{8FC8D406-A2CE-4210-A0DB-7B8EA29D1AFB}.Debug|x64.Deploy.0 = Debug|x64
		{8FC8D406-A2CE-4210-A0DB-7B8EA29D1AFB}.Debug|x86.ActiveCfg = Debug|x86
		{8FC8D406-A2CE-4210-A0DB-7B8EA29D1AFB}.Debug|x86.Build.0 = Debug|x86
		{8FC8D406-A2CE-4210-A0DB-7B8EA29D1AFB}.Debug|x86.Deploy.0 = Debug|x86
		{8FC8D406-A2CE-4210-A0DB-7B8EA29D1AFB}.Release|ARM.ActiveCfg = Release|ARM
		{8FC8D406-A2CE-4210-A0DB-7B8EA29D1AFB}.Release|ARM.Build.0 = Release|ARM
		{8FC8D406-A2CE-4210-A0DB-7B8EA29D1AFB}.Release|ARM.Deploy.0 = Release|ARM
		{8FC8D406-A2CE-4210-A0DB-7B8EA29D1AFB}.Release|ARM64.ActiveCfg = Release|x64
		{8FC8D406-A2CE-4210-A0DB-7B8EA29D1AFB}.Release|ARM64.Build.0 = Release|x64
		{8FC8D406-A2CE-4210-A0DB-7B8EA29D1AFB}.Release|ARM64.Deploy.0 = Release|x64
		{8FC8D406-A2CE-4210-A0DB-7B8EA29D1AFB}.Release|x64.ActiveCfg = Release|x64
		{8FC8D406-A2CE-4210-A0DB-7B8EA29D1AFB}.Release|x64.Build.0 = Release|x64
		{8FC8D406-A2CE-4210-A0DB-7B8EA29D1AFB}.Release|x64.Deploy.0 = Release|x64
		{8FC8D406-A2CE-4210-A0DB-7B8EA29D1AFB}.Release|x86.ActiveCfg = Release|x86
		{8FC8D406-A2CE-4210-A0DB-7B8EA29D1AFB}.Release|x86.Build.0 = Release|x86
		{8FC8D406-A2CE-4210-A0DB-7B8EA29D1AFB}.Release|x86.Deploy.0 = Release|x86
		{70723F06-BB08-4483-B1AE-95C38EED0D67}.Debug|ARM.ActiveCfg = Debug|Any CPU
		{70723F06-BB08-4483-B1AE-95C38EED0D67}.Debug|ARM.Build.0 = Debug|Any CPU
		{70723F06-BB08-4483-B1AE-95C38EED0D67}.Debug|ARM.Deploy.0 = Debug|Any CPU
		{70723F06-BB08-4483-B1AE-95C38EED0D67}.Debug|ARM64.ActiveCfg = Debug|Any CPU
		{70723F06-BB08-4483-B1AE-95C38EED0D67}.Debug|ARM64.Build.0 = Debug|Any CPU
		{70723F06-BB08-4483-B1AE-95C38EED0D67}.Debug|ARM64.Deploy.0 = Debug|Any CPU
		{70723F06-BB08-4483-B1AE-95C38EED0D67}.Debug|x64.ActiveCfg = Debug|Any CPU
		{70723F06-BB08-4483-B1AE-95C38EED0D67}.Debug|x64.Build.0 = Debug|Any CPU
		{70723F06-BB08-4483-B1AE-95C38EED0D67}.Debug|x64.Deploy.0 = Debug|Any CPU
		{70723F06-BB08-4483-B1AE-95C38EED0D67}.Debug|x86.ActiveCfg = Debug|Any CPU
		{70723F06-BB08-4483-B1AE-95C38EED0D67}.Debug|x86.Build.0 = Debug|Any CPU
		{70723F06-BB08-4483-B1AE-95C38EED0D67}.Debug|x86.Deploy.0 = Debug|Any CPU
		{70723F06-BB08-4483-B1AE-95C38EED0D67}.Release|ARM.ActiveCfg = Release|Any CPU
		{70723F06-BB08-4483-B1AE-95C38EED0D67}.Release|ARM.Build.0 = Release|Any CPU
		{70723F06-BB08-4483-B1AE-95C38EED0D67}.Release|ARM.Deploy.0 = Release|Any CPU
		{70723F06-BB08-4483-B1AE-95C38EED0D67}.Release|ARM64.ActiveCfg = Release|Any CPU
		{70723F06-BB08-4483-B1AE-95C38EED0D67}.Release|ARM64.Build.0 = Release|Any CPU
		{70723F06-BB08-4483-B1AE-95C38EED0D67}.Release|ARM64.Deploy.0 = Release|Any CPU
		{70723F06-BB08-4483-B1AE-95C38EED0D67}.Release|x64.ActiveCfg = Release|Any CPU
		{70723F06-BB08-4483-B1AE-95C38EED0D67}.Release|x64.Build.0 = Release|Any CPU
		{70723F06-BB08-4483-B1AE-95C38EED0D67}.Release|x64.Deploy.0 = Release|Any CPU
		{70723F06-BB08-4483-B1AE-95C38EED0D67}.Release|x86.ActiveCfg = Release|Any CPU
		{70723F06-BB08-4483-B1AE-95C38EED0D67}.Release|x86.Build.0 = Release|Any CPU
		{70723F06-BB08-4483-B1AE-95C38EED0D67}.Release|x86.Deploy.0 = Release|Any CPU
		{84CA5A33-98FE-452E-A9E5-2265395BD86B}.Debug|ARM.ActiveCfg = Debug|iPhoneSimulator
		{84CA5A33-98FE-452E-A9E5-2265395BD86B}.Debug|ARM.Build.0 = Debug|iPhoneSimulator
		{84CA5A33-98FE-452E-A9E5-2265395BD86B}.Debug|ARM64.ActiveCfg = Debug|iPhoneSimulator
		{84CA5A33-98FE-452E-A9E5-2265395BD86B}.Debug|ARM64.Build.0 = Debug|iPhoneSimulator
		{84CA5A33-98FE-452E-A9E5-2265395BD86B}.Debug|x64.ActiveCfg = Debug|iPhoneSimulator
		{84CA5A33-98FE-452E-A9E5-2265395BD86B}.Debug|x64.Build.0 = Debug|iPhoneSimulator
		{84CA5A33-98FE-452E-A9E5-2265395BD86B}.Debug|x86.ActiveCfg = Debug|iPhoneSimulator
		{84CA5A33-98FE-452E-A9E5-2265395BD86B}.Debug|x86.Build.0 = Debug|iPhoneSimulator
		{84CA5A33-98FE-452E-A9E5-2265395BD86B}.Release|ARM.ActiveCfg = Release|iPhoneSimulator
		{84CA5A33-98FE-452E-A9E5-2265395BD86B}.Release|ARM.Build.0 = Release|iPhoneSimulator
		{84CA5A33-98FE-452E-A9E5-2265395BD86B}.Release|ARM64.ActiveCfg = Release|iPhoneSimulator
		{84CA5A33-98FE-452E-A9E5-2265395BD86B}.Release|ARM64.Build.0 = Release|iPhoneSimulator
		{84CA5A33-98FE-452E-A9E5-2265395BD86B}.Release|x64.ActiveCfg = Release|iPhoneSimulator
		{84CA5A33-98FE-452E-A9E5-2265395BD86B}.Release|x64.Build.0 = Release|iPhoneSimulator
		{84CA5A33-98FE-452E-A9E5-2265395BD86B}.Release|x86.ActiveCfg = Release|iPhoneSimulator
		{84CA5A33-98FE-452E-A9E5-2265395BD86B}.Release|x86.Build.0 = Release|iPhoneSimulator
		{D09C5BBF-FDD6-4032-812A-DD1BFBAE3019}.Debug|ARM.ActiveCfg = Debug|Any CPU
		{D09C5BBF-FDD6-4032-812A-DD1BFBAE3019}.Debug|ARM.Build.0 = Debug|Any CPU
		{D09C5BBF-FDD6-4032-812A-DD1BFBAE3019}.Debug|ARM64.ActiveCfg = Debug|Any CPU
		{D09C5BBF-FDD6-4032-812A-DD1BFBAE3019}.Debug|ARM64.Build.0 = Debug|Any CPU
		{D09C5BBF-FDD6-4032-812A-DD1BFBAE3019}.Debug|x64.ActiveCfg = Debug|Any CPU
		{D09C5BBF-FDD6-4032-812A-DD1BFBAE3019}.Debug|x64.Build.0 = Debug|Any CPU
		{D09C5BBF-FDD6-4032-812A-DD1BFBAE3019}.Debug|x86.ActiveCfg = Debug|Any CPU
		{D09C5BBF-FDD6-4032-812A-DD1BFBAE3019}.Debug|x86.Build.0 = Debug|Any CPU
		{D09C5BBF-FDD6-4032-812A-DD1BFBAE3019}.Release|ARM.ActiveCfg = Release|Any CPU
		{D09C5BBF-FDD6-4032-812A-DD1BFBAE3019}.Release|ARM.Build.0 = Release|Any CPU
		{D09C5BBF-FDD6-4032-812A-DD1BFBAE3019}.Release|ARM64.ActiveCfg = Release|Any CPU
		{D09C5BBF-FDD6-4032-812A-DD1BFBAE3019}.Release|ARM64.Build.0 = Release|Any CPU
		{D09C5BBF-FDD6-4032-812A-DD1BFBAE3019}.Release|x64.ActiveCfg = Release|Any CPU
		{D09C5BBF-FDD6-4032-812A-DD1BFBAE3019}.Release|x64.Build.0 = Release|Any CPU
		{D09C5BBF-FDD6-4032-812A-DD1BFBAE3019}.Release|x86.ActiveCfg = Release|Any CPU
		{D09C5BBF-FDD6-4032-812A-DD1BFBAE3019}.Release|x86.Build.0 = Release|Any CPU
		{9AB42A45-659F-4C95-81E2-2739D1A0039A}.Debug|ARM.ActiveCfg = Debug|Any CPU
		{9AB42A45-659F-4C95-81E2-2739D1A0039A}.Debug|ARM.Build.0 = Debug|Any CPU
		{9AB42A45-659F-4C95-81E2-2739D1A0039A}.Debug|ARM.Deploy.0 = Debug|Any CPU
		{9AB42A45-659F-4C95-81E2-2739D1A0039A}.Debug|ARM64.ActiveCfg = Debug|Any CPU
		{9AB42A45-659F-4C95-81E2-2739D1A0039A}.Debug|ARM64.Build.0 = Debug|Any CPU
		{9AB42A45-659F-4C95-81E2-2739D1A0039A}.Debug|ARM64.Deploy.0 = Debug|Any CPU
		{9AB42A45-659F-4C95-81E2-2739D1A0039A}.Debug|x64.ActiveCfg = Debug|Any CPU
		{9AB42A45-659F-4C95-81E2-2739D1A0039A}.Debug|x64.Build.0 = Debug|Any CPU
		{9AB42A45-659F-4C95-81E2-2739D1A0039A}.Debug|x64.Deploy.0 = Debug|Any CPU
		{9AB42A45-659F-4C95-81E2-2739D1A0039A}.Debug|x86.ActiveCfg = Debug|Any CPU
		{9AB42A45-659F-4C95-81E2-2739D1A0039A}.Debug|x86.Build.0 = Debug|Any CPU
		{9AB42A45-659F-4C95-81E2-2739D1A0039A}.Debug|x86.Deploy.0 = Debug|Any CPU
		{9AB42A45-659F-4C95-81E2-2739D1A0039A}.Release|ARM.ActiveCfg = Release|Any CPU
		{9AB42A45-659F-4C95-81E2-2739D1A0039A}.Release|ARM.Build.0 = Release|Any CPU
		{9AB42A45-659F-4C95-81E2-2739D1A0039A}.Release|ARM.Deploy.0 = Release|Any CPU
		{9AB42A45-659F-4C95-81E2-2739D1A0039A}.Release|ARM64.ActiveCfg = Release|Any CPU
		{9AB42A45-659F-4C95-81E2-2739D1A0039A}.Release|ARM64.Build.0 = Release|Any CPU
		{9AB42A45-659F-4C95-81E2-2739D1A0039A}.Release|ARM64.Deploy.0 = Release|Any CPU
		{9AB42A45-659F-4C95-81E2-2739D1A0039A}.Release|x64.ActiveCfg = Release|Any CPU
		{9AB42A45-659F-4C95-81E2-2739D1A0039A}.Release|x64.Build.0 = Release|Any CPU
		{9AB42A45-659F-4C95-81E2-2739D1A0039A}.Release|x64.Deploy.0 = Release|Any CPU
		{9AB42A45-659F-4C95-81E2-2739D1A0039A}.Release|x86.ActiveCfg = Release|Any CPU
		{9AB42A45-659F-4C95-81E2-2739D1A0039A}.Release|x86.Build.0 = Release|Any CPU
		{9AB42A45-659F-4C95-81E2-2739D1A0039A}.Release|x86.Deploy.0 = Release|Any CPU
		{336D9842-42F8-4B6C-91D0-7BD61B1CC5C1}.Debug|ARM.ActiveCfg = Debug|Any CPU
		{336D9842-42F8-4B6C-91D0-7BD61B1CC5C1}.Debug|ARM.Build.0 = Debug|Any CPU
		{336D9842-42F8-4B6C-91D0-7BD61B1CC5C1}.Debug|ARM.Deploy.0 = Debug|Any CPU
		{336D9842-42F8-4B6C-91D0-7BD61B1CC5C1}.Debug|ARM64.ActiveCfg = Debug|Any CPU
		{336D9842-42F8-4B6C-91D0-7BD61B1CC5C1}.Debug|ARM64.Build.0 = Debug|Any CPU
		{336D9842-42F8-4B6C-91D0-7BD61B1CC5C1}.Debug|ARM64.Deploy.0 = Debug|Any CPU
		{336D9842-42F8-4B6C-91D0-7BD61B1CC5C1}.Debug|x64.ActiveCfg = Debug|Any CPU
		{336D9842-42F8-4B6C-91D0-7BD61B1CC5C1}.Debug|x64.Build.0 = Debug|Any CPU
		{336D9842-42F8-4B6C-91D0-7BD61B1CC5C1}.Debug|x64.Deploy.0 = Debug|Any CPU
		{336D9842-42F8-4B6C-91D0-7BD61B1CC5C1}.Debug|x86.ActiveCfg = Debug|Any CPU
		{336D9842-42F8-4B6C-91D0-7BD61B1CC5C1}.Debug|x86.Build.0 = Debug|Any CPU
		{336D9842-42F8-4B6C-91D0-7BD61B1CC5C1}.Debug|x86.Deploy.0 = Debug|Any CPU
		{336D9842-42F8-4B6C-91D0-7BD61B1CC5C1}.Release|ARM.ActiveCfg = Release|Any CPU
		{336D9842-42F8-4B6C-91D0-7BD61B1CC5C1}.Release|ARM.Build.0 = Release|Any CPU
		{336D9842-42F8-4B6C-91D0-7BD61B1CC5C1}.Release|ARM.Deploy.0 = Release|Any CPU
		{336D9842-42F8-4B6C-91D0-7BD61B1CC5C1}.Release|ARM64.ActiveCfg = Release|Any CPU
		{336D9842-42F8-4B6C-91D0-7BD61B1CC5C1}.Release|ARM64.Build.0 = Release|Any CPU
		{336D9842-42F8-4B6C-91D0-7BD61B1CC5C1}.Release|ARM64.Deploy.0 = Release|Any CPU
		{336D9842-42F8-4B6C-91D0-7BD61B1CC5C1}.Release|x64.ActiveCfg = Release|Any CPU
		{336D9842-42F8-4B6C-91D0-7BD61B1CC5C1}.Release|x64.Build.0 = Release|Any CPU
		{336D9842-42F8-4B6C-91D0-7BD61B1CC5C1}.Release|x64.Deploy.0 = Release|Any CPU
		{336D9842-42F8-4B6C-91D0-7BD61B1CC5C1}.Release|x86.ActiveCfg = Release|Any CPU
		{336D9842-42F8-4B6C-91D0-7BD61B1CC5C1}.Release|x86.Build.0 = Release|Any CPU
		{336D9842-42F8-4B6C-91D0-7BD61B1CC5C1}.Release|x86.Deploy.0 = Release|Any CPU
		{44F95914-6C2E-43EF-AEB8-1485E88EA857}.Debug|ARM.ActiveCfg = Debug|Any CPU
		{44F95914-6C2E-43EF-AEB8-1485E88EA857}.Debug|ARM.Build.0 = Debug|Any CPU
		{44F95914-6C2E-43EF-AEB8-1485E88EA857}.Debug|ARM.Deploy.0 = Debug|Any CPU
		{44F95914-6C2E-43EF-AEB8-1485E88EA857}.Debug|ARM64.ActiveCfg = Debug|Any CPU
		{44F95914-6C2E-43EF-AEB8-1485E88EA857}.Debug|ARM64.Build.0 = Debug|Any CPU
		{44F95914-6C2E-43EF-AEB8-1485E88EA857}.Debug|ARM64.Deploy.0 = Debug|Any CPU
		{44F95914-6C2E-43EF-AEB8-1485E88EA857}.Debug|x64.ActiveCfg = Debug|Any CPU
		{44F95914-6C2E-43EF-AEB8-1485E88EA857}.Debug|x64.Build.0 = Debug|Any CPU
		{44F95914-6C2E-43EF-AEB8-1485E88EA857}.Debug|x64.Deploy.0 = Debug|Any CPU
		{44F95914-6C2E-43EF-AEB8-1485E88EA857}.Debug|x86.ActiveCfg = Debug|Any CPU
		{44F95914-6C2E-43EF-AEB8-1485E88EA857}.Debug|x86.Build.0 = Debug|Any CPU
		{44F95914-6C2E-43EF-AEB8-1485E88EA857}.Debug|x86.Deploy.0 = Debug|Any CPU
		{44F95914-6C2E-43EF-AEB8-1485E88EA857}.Release|ARM.ActiveCfg = Release|Any CPU
		{44F95914-6C2E-43EF-AEB8-1485E88EA857}.Release|ARM.Build.0 = Release|Any CPU
		{44F95914-6C2E-43EF-AEB8-1485E88EA857}.Release|ARM.Deploy.0 = Release|Any CPU
		{44F95914-6C2E-43EF-AEB8-1485E88EA857}.Release|ARM64.ActiveCfg = Release|Any CPU
		{44F95914-6C2E-43EF-AEB8-1485E88EA857}.Release|ARM64.Build.0 = Release|Any CPU
		{44F95914-6C2E-43EF-AEB8-1485E88EA857}.Release|ARM64.Deploy.0 = Release|Any CPU
		{44F95914-6C2E-43EF-AEB8-1485E88EA857}.Release|x64.ActiveCfg = Release|Any CPU
		{44F95914-6C2E-43EF-AEB8-1485E88EA857}.Release|x64.Build.0 = Release|Any CPU
		{44F95914-6C2E-43EF-AEB8-1485E88EA857}.Release|x64.Deploy.0 = Release|Any CPU
		{44F95914-6C2E-43EF-AEB8-1485E88EA857}.Release|x86.ActiveCfg = Release|Any CPU
		{44F95914-6C2E-43EF-AEB8-1485E88EA857}.Release|x86.Build.0 = Release|Any CPU
		{44F95914-6C2E-43EF-AEB8-1485E88EA857}.Release|x86.Deploy.0 = Release|Any CPU
		{40DCB761-3339-4E44-929D-DC2770C93906}.Debug|ARM.ActiveCfg = Debug|Any CPU
		{40DCB761-3339-4E44-929D-DC2770C93906}.Debug|ARM.Build.0 = Debug|Any CPU
		{40DCB761-3339-4E44-929D-DC2770C93906}.Debug|ARM.Deploy.0 = Debug|Any CPU
		{40DCB761-3339-4E44-929D-DC2770C93906}.Debug|ARM64.ActiveCfg = Debug|Any CPU
		{40DCB761-3339-4E44-929D-DC2770C93906}.Debug|ARM64.Build.0 = Debug|Any CPU
		{40DCB761-3339-4E44-929D-DC2770C93906}.Debug|ARM64.Deploy.0 = Debug|Any CPU
		{40DCB761-3339-4E44-929D-DC2770C93906}.Debug|x64.ActiveCfg = Debug|Any CPU
		{40DCB761-3339-4E44-929D-DC2770C93906}.Debug|x64.Build.0 = Debug|Any CPU
		{40DCB761-3339-4E44-929D-DC2770C93906}.Debug|x64.Deploy.0 = Debug|Any CPU
		{40DCB761-3339-4E44-929D-DC2770C93906}.Debug|x86.ActiveCfg = Debug|Any CPU
		{40DCB761-3339-4E44-929D-DC2770C93906}.Debug|x86.Build.0 = Debug|Any CPU
		{40DCB761-3339-4E44-929D-DC2770C93906}.Debug|x86.Deploy.0 = Debug|Any CPU
		{40DCB761-3339-4E44-929D-DC2770C93906}.Release|ARM.ActiveCfg = Release|Any CPU
		{40DCB761-3339-4E44-929D-DC2770C93906}.Release|ARM.Build.0 = Release|Any CPU
		{40DCB761-3339-4E44-929D-DC2770C93906}.Release|ARM.Deploy.0 = Release|Any CPU
		{40DCB761-3339-4E44-929D-DC2770C93906}.Release|ARM64.ActiveCfg = Release|Any CPU
		{40DCB761-3339-4E44-929D-DC2770C93906}.Release|ARM64.Build.0 = Release|Any CPU
		{40DCB761-3339-4E44-929D-DC2770C93906}.Release|ARM64.Deploy.0 = Release|Any CPU
		{40DCB761-3339-4E44-929D-DC2770C93906}.Release|x64.ActiveCfg = Release|Any CPU
		{40DCB761-3339-4E44-929D-DC2770C93906}.Release|x64.Build.0 = Release|Any CPU
		{40DCB761-3339-4E44-929D-DC2770C93906}.Release|x64.Deploy.0 = Release|Any CPU
		{40DCB761-3339-4E44-929D-DC2770C93906}.Release|x86.ActiveCfg = Release|Any CPU
		{40DCB761-3339-4E44-929D-DC2770C93906}.Release|x86.Build.0 = Release|Any CPU
		{40DCB761-3339-4E44-929D-DC2770C93906}.Release|x86.Deploy.0 = Release|Any CPU
		{9574C727-C91B-4A2A-954F-D794EC529E74}.Debug|ARM.ActiveCfg = Debug|Any CPU
		{9574C727-C91B-4A2A-954F-D794EC529E74}.Debug|ARM.Build.0 = Debug|Any CPU
		{9574C727-C91B-4A2A-954F-D794EC529E74}.Debug|ARM.Deploy.0 = Debug|Any CPU
		{9574C727-C91B-4A2A-954F-D794EC529E74}.Debug|ARM64.ActiveCfg = Debug|Any CPU
		{9574C727-C91B-4A2A-954F-D794EC529E74}.Debug|ARM64.Build.0 = Debug|Any CPU
		{9574C727-C91B-4A2A-954F-D794EC529E74}.Debug|ARM64.Deploy.0 = Debug|Any CPU
		{9574C727-C91B-4A2A-954F-D794EC529E74}.Debug|x64.ActiveCfg = Debug|Any CPU
		{9574C727-C91B-4A2A-954F-D794EC529E74}.Debug|x64.Build.0 = Debug|Any CPU
		{9574C727-C91B-4A2A-954F-D794EC529E74}.Debug|x64.Deploy.0 = Debug|Any CPU
		{9574C727-C91B-4A2A-954F-D794EC529E74}.Debug|x86.ActiveCfg = Debug|Any CPU
		{9574C727-C91B-4A2A-954F-D794EC529E74}.Debug|x86.Build.0 = Debug|Any CPU
		{9574C727-C91B-4A2A-954F-D794EC529E74}.Debug|x86.Deploy.0 = Debug|Any CPU
		{9574C727-C91B-4A2A-954F-D794EC529E74}.Release|ARM.ActiveCfg = Release|Any CPU
		{9574C727-C91B-4A2A-954F-D794EC529E74}.Release|ARM.Build.0 = Release|Any CPU
		{9574C727-C91B-4A2A-954F-D794EC529E74}.Release|ARM.Deploy.0 = Release|Any CPU
		{9574C727-C91B-4A2A-954F-D794EC529E74}.Release|ARM64.ActiveCfg = Release|Any CPU
		{9574C727-C91B-4A2A-954F-D794EC529E74}.Release|ARM64.Build.0 = Release|Any CPU
		{9574C727-C91B-4A2A-954F-D794EC529E74}.Release|ARM64.Deploy.0 = Release|Any CPU
		{9574C727-C91B-4A2A-954F-D794EC529E74}.Release|x64.ActiveCfg = Release|Any CPU
		{9574C727-C91B-4A2A-954F-D794EC529E74}.Release|x64.Build.0 = Release|Any CPU
		{9574C727-C91B-4A2A-954F-D794EC529E74}.Release|x64.Deploy.0 = Release|Any CPU
		{9574C727-C91B-4A2A-954F-D794EC529E74}.Release|x86.ActiveCfg = Release|Any CPU
		{9574C727-C91B-4A2A-954F-D794EC529E74}.Release|x86.Build.0 = Release|Any CPU
		{9574C727-C91B-4A2A-954F-D794EC529E74}.Release|x86.Deploy.0 = Release|Any CPU
		{18F64409-2803-4678-8DFB-25191BF30E04}.Debug|ARM.ActiveCfg = Debug|ARM
		{18F64409-2803-4678-8DFB-25191BF30E04}.Debug|ARM.Build.0 = Debug|ARM
		{18F64409-2803-4678-8DFB-25191BF30E04}.Debug|ARM.Deploy.0 = Debug|ARM
		{18F64409-2803-4678-8DFB-25191BF30E04}.Debug|ARM64.ActiveCfg = Debug|ARM64
		{18F64409-2803-4678-8DFB-25191BF30E04}.Debug|ARM64.Build.0 = Debug|ARM64
		{18F64409-2803-4678-8DFB-25191BF30E04}.Debug|ARM64.Deploy.0 = Debug|ARM64
		{18F64409-2803-4678-8DFB-25191BF30E04}.Debug|x64.ActiveCfg = Debug|x64
		{18F64409-2803-4678-8DFB-25191BF30E04}.Debug|x64.Build.0 = Debug|x64
		{18F64409-2803-4678-8DFB-25191BF30E04}.Debug|x64.Deploy.0 = Debug|x64
		{18F64409-2803-4678-8DFB-25191BF30E04}.Debug|x86.ActiveCfg = Debug|x86
		{18F64409-2803-4678-8DFB-25191BF30E04}.Debug|x86.Build.0 = Debug|x86
		{18F64409-2803-4678-8DFB-25191BF30E04}.Debug|x86.Deploy.0 = Debug|x86
		{18F64409-2803-4678-8DFB-25191BF30E04}.Release|ARM.ActiveCfg = Release|ARM
		{18F64409-2803-4678-8DFB-25191BF30E04}.Release|ARM.Build.0 = Release|ARM
		{18F64409-2803-4678-8DFB-25191BF30E04}.Release|ARM.Deploy.0 = Release|ARM
		{18F64409-2803-4678-8DFB-25191BF30E04}.Release|ARM64.ActiveCfg = Release|ARM64
		{18F64409-2803-4678-8DFB-25191BF30E04}.Release|ARM64.Build.0 = Release|ARM64
		{18F64409-2803-4678-8DFB-25191BF30E04}.Release|ARM64.Deploy.0 = Release|ARM64
		{18F64409-2803-4678-8DFB-25191BF30E04}.Release|x64.ActiveCfg = Release|x64
		{18F64409-2803-4678-8DFB-25191BF30E04}.Release|x64.Build.0 = Release|x64
		{18F64409-2803-4678-8DFB-25191BF30E04}.Release|x64.Deploy.0 = Release|x64
		{18F64409-2803-4678-8DFB-25191BF30E04}.Release|x86.ActiveCfg = Release|x86
		{18F64409-2803-4678-8DFB-25191BF30E04}.Release|x86.Build.0 = Release|x86
		{18F64409-2803-4678-8DFB-25191BF30E04}.Release|x86.Deploy.0 = Release|x86
		{D4E363C9-875A-44B4-B9B2-DD3EEB397465}.Debug|ARM.ActiveCfg = Debug|ARM
		{D4E363C9-875A-44B4-B9B2-DD3EEB397465}.Debug|ARM.Build.0 = Debug|ARM
		{D4E363C9-875A-44B4-B9B2-DD3EEB397465}.Debug|ARM.Deploy.0 = Debug|ARM
		{D4E363C9-875A-44B4-B9B2-DD3EEB397465}.Debug|ARM64.ActiveCfg = Debug|x64
		{D4E363C9-875A-44B4-B9B2-DD3EEB397465}.Debug|ARM64.Build.0 = Debug|x64
		{D4E363C9-875A-44B4-B9B2-DD3EEB397465}.Debug|ARM64.Deploy.0 = Debug|x64
		{D4E363C9-875A-44B4-B9B2-DD3EEB397465}.Debug|x64.ActiveCfg = Debug|x64
		{D4E363C9-875A-44B4-B9B2-DD3EEB397465}.Debug|x64.Build.0 = Debug|x64
		{D4E363C9-875A-44B4-B9B2-DD3EEB397465}.Debug|x64.Deploy.0 = Debug|x64
		{D4E363C9-875A-44B4-B9B2-DD3EEB397465}.Debug|x86.ActiveCfg = Debug|x86
		{D4E363C9-875A-44B4-B9B2-DD3EEB397465}.Debug|x86.Build.0 = Debug|x86
		{D4E363C9-875A-44B4-B9B2-DD3EEB397465}.Debug|x86.Deploy.0 = Debug|x86
		{D4E363C9-875A-44B4-B9B2-DD3EEB397465}.Release|ARM.ActiveCfg = Release|ARM
		{D4E363C9-875A-44B4-B9B2-DD3EEB397465}.Release|ARM.Build.0 = Release|ARM
		{D4E363C9-875A-44B4-B9B2-DD3EEB397465}.Release|ARM.Deploy.0 = Release|ARM
		{D4E363C9-875A-44B4-B9B2-DD3EEB397465}.Release|ARM64.ActiveCfg = Release|x64
		{D4E363C9-875A-44B4-B9B2-DD3EEB397465}.Release|ARM64.Build.0 = Release|x64
		{D4E363C9-875A-44B4-B9B2-DD3EEB397465}.Release|ARM64.Deploy.0 = Release|x64
		{D4E363C9-875A-44B4-B9B2-DD3EEB397465}.Release|x64.ActiveCfg = Release|x64
		{D4E363C9-875A-44B4-B9B2-DD3EEB397465}.Release|x64.Build.0 = Release|x64
		{D4E363C9-875A-44B4-B9B2-DD3EEB397465}.Release|x64.Deploy.0 = Release|x64
		{D4E363C9-875A-44B4-B9B2-DD3EEB397465}.Release|x86.ActiveCfg = Release|x86
		{D4E363C9-875A-44B4-B9B2-DD3EEB397465}.Release|x86.Build.0 = Release|x86
		{D4E363C9-875A-44B4-B9B2-DD3EEB397465}.Release|x86.Deploy.0 = Release|x86
		{3B9EBE36-EE57-4201-986F-7CD0C15B7C61}.Debug|ARM.ActiveCfg = Debug|Any CPU
		{3B9EBE36-EE57-4201-986F-7CD0C15B7C61}.Debug|ARM.Build.0 = Debug|Any CPU
		{3B9EBE36-EE57-4201-986F-7CD0C15B7C61}.Debug|ARM.Deploy.0 = Debug|Any CPU
		{3B9EBE36-EE57-4201-986F-7CD0C15B7C61}.Debug|ARM64.ActiveCfg = Debug|Any CPU
		{3B9EBE36-EE57-4201-986F-7CD0C15B7C61}.Debug|ARM64.Build.0 = Debug|Any CPU
		{3B9EBE36-EE57-4201-986F-7CD0C15B7C61}.Debug|ARM64.Deploy.0 = Debug|Any CPU
		{3B9EBE36-EE57-4201-986F-7CD0C15B7C61}.Debug|x64.ActiveCfg = Debug|Any CPU
		{3B9EBE36-EE57-4201-986F-7CD0C15B7C61}.Debug|x64.Build.0 = Debug|Any CPU
		{3B9EBE36-EE57-4201-986F-7CD0C15B7C61}.Debug|x64.Deploy.0 = Debug|Any CPU
		{3B9EBE36-EE57-4201-986F-7CD0C15B7C61}.Debug|x86.ActiveCfg = Debug|Any CPU
		{3B9EBE36-EE57-4201-986F-7CD0C15B7C61}.Debug|x86.Build.0 = Debug|Any CPU
		{3B9EBE36-EE57-4201-986F-7CD0C15B7C61}.Debug|x86.Deploy.0 = Debug|Any CPU
		{3B9EBE36-EE57-4201-986F-7CD0C15B7C61}.Release|ARM.ActiveCfg = Release|Any CPU
		{3B9EBE36-EE57-4201-986F-7CD0C15B7C61}.Release|ARM.Build.0 = Release|Any CPU
		{3B9EBE36-EE57-4201-986F-7CD0C15B7C61}.Release|ARM.Deploy.0 = Release|Any CPU
		{3B9EBE36-EE57-4201-986F-7CD0C15B7C61}.Release|ARM64.ActiveCfg = Release|Any CPU
		{3B9EBE36-EE57-4201-986F-7CD0C15B7C61}.Release|ARM64.Build.0 = Release|Any CPU
		{3B9EBE36-EE57-4201-986F-7CD0C15B7C61}.Release|ARM64.Deploy.0 = Release|Any CPU
		{3B9EBE36-EE57-4201-986F-7CD0C15B7C61}.Release|x64.ActiveCfg = Release|Any CPU
		{3B9EBE36-EE57-4201-986F-7CD0C15B7C61}.Release|x64.Build.0 = Release|Any CPU
		{3B9EBE36-EE57-4201-986F-7CD0C15B7C61}.Release|x64.Deploy.0 = Release|Any CPU
		{3B9EBE36-EE57-4201-986F-7CD0C15B7C61}.Release|x86.ActiveCfg = Release|Any CPU
		{3B9EBE36-EE57-4201-986F-7CD0C15B7C61}.Release|x86.Build.0 = Release|Any CPU
		{3B9EBE36-EE57-4201-986F-7CD0C15B7C61}.Release|x86.Deploy.0 = Release|Any CPU
		{546D5F91-400F-4BF5-AFD9-D499238AE192}.Debug|ARM.ActiveCfg = Debug|iPhoneSimulator
		{546D5F91-400F-4BF5-AFD9-D499238AE192}.Debug|ARM.Build.0 = Debug|iPhoneSimulator
		{546D5F91-400F-4BF5-AFD9-D499238AE192}.Debug|ARM64.ActiveCfg = Debug|iPhoneSimulator
		{546D5F91-400F-4BF5-AFD9-D499238AE192}.Debug|ARM64.Build.0 = Debug|iPhoneSimulator
		{546D5F91-400F-4BF5-AFD9-D499238AE192}.Debug|x64.ActiveCfg = Debug|iPhoneSimulator
		{546D5F91-400F-4BF5-AFD9-D499238AE192}.Debug|x64.Build.0 = Debug|iPhoneSimulator
		{546D5F91-400F-4BF5-AFD9-D499238AE192}.Debug|x86.ActiveCfg = Debug|iPhoneSimulator
		{546D5F91-400F-4BF5-AFD9-D499238AE192}.Debug|x86.Build.0 = Debug|iPhoneSimulator
		{546D5F91-400F-4BF5-AFD9-D499238AE192}.Release|ARM.ActiveCfg = Release|iPhoneSimulator
		{546D5F91-400F-4BF5-AFD9-D499238AE192}.Release|ARM.Build.0 = Release|iPhoneSimulator
		{546D5F91-400F-4BF5-AFD9-D499238AE192}.Release|ARM64.ActiveCfg = Release|iPhoneSimulator
		{546D5F91-400F-4BF5-AFD9-D499238AE192}.Release|ARM64.Build.0 = Release|iPhoneSimulator
		{546D5F91-400F-4BF5-AFD9-D499238AE192}.Release|x64.ActiveCfg = Release|iPhoneSimulator
		{546D5F91-400F-4BF5-AFD9-D499238AE192}.Release|x64.Build.0 = Release|iPhoneSimulator
		{546D5F91-400F-4BF5-AFD9-D499238AE192}.Release|x86.ActiveCfg = Release|iPhoneSimulator
		{546D5F91-400F-4BF5-AFD9-D499238AE192}.Release|x86.Build.0 = Release|iPhoneSimulator
		{77E45909-F5FD-4D6C-A0C5-E78E490799AB}.Debug|ARM.ActiveCfg = Debug|Any CPU
		{77E45909-F5FD-4D6C-A0C5-E78E490799AB}.Debug|ARM.Build.0 = Debug|Any CPU
		{77E45909-F5FD-4D6C-A0C5-E78E490799AB}.Debug|ARM64.ActiveCfg = Debug|Any CPU
		{77E45909-F5FD-4D6C-A0C5-E78E490799AB}.Debug|ARM64.Build.0 = Debug|Any CPU
		{77E45909-F5FD-4D6C-A0C5-E78E490799AB}.Debug|x64.ActiveCfg = Debug|Any CPU
		{77E45909-F5FD-4D6C-A0C5-E78E490799AB}.Debug|x64.Build.0 = Debug|Any CPU
		{77E45909-F5FD-4D6C-A0C5-E78E490799AB}.Debug|x86.ActiveCfg = Debug|Any CPU
		{77E45909-F5FD-4D6C-A0C5-E78E490799AB}.Debug|x86.Build.0 = Debug|Any CPU
		{77E45909-F5FD-4D6C-A0C5-E78E490799AB}.Release|ARM.ActiveCfg = Release|Any CPU
		{77E45909-F5FD-4D6C-A0C5-E78E490799AB}.Release|ARM.Build.0 = Release|Any CPU
		{77E45909-F5FD-4D6C-A0C5-E78E490799AB}.Release|ARM64.ActiveCfg = Release|Any CPU
		{77E45909-F5FD-4D6C-A0C5-E78E490799AB}.Release|ARM64.Build.0 = Release|Any CPU
		{77E45909-F5FD-4D6C-A0C5-E78E490799AB}.Release|x64.ActiveCfg = Release|Any CPU
		{77E45909-F5FD-4D6C-A0C5-E78E490799AB}.Release|x64.Build.0 = Release|Any CPU
		{77E45909-F5FD-4D6C-A0C5-E78E490799AB}.Release|x86.ActiveCfg = Release|Any CPU
		{77E45909-F5FD-4D6C-A0C5-E78E490799AB}.Release|x86.Build.0 = Release|Any CPU
		{945E4E9E-D726-B798-3F37-BE6CBD5FDE1E}.Debug|ARM.ActiveCfg = Debug|Any CPU
		{945E4E9E-D726-B798-3F37-BE6CBD5FDE1E}.Debug|ARM.Build.0 = Debug|Any CPU
		{945E4E9E-D726-B798-3F37-BE6CBD5FDE1E}.Debug|ARM64.ActiveCfg = Debug|Any CPU
		{945E4E9E-D726-B798-3F37-BE6CBD5FDE1E}.Debug|ARM64.Build.0 = Debug|Any CPU
		{945E4E9E-D726-B798-3F37-BE6CBD5FDE1E}.Debug|x64.ActiveCfg = Debug|Any CPU
		{945E4E9E-D726-B798-3F37-BE6CBD5FDE1E}.Debug|x64.Build.0 = Debug|Any CPU
		{945E4E9E-D726-B798-3F37-BE6CBD5FDE1E}.Debug|x86.ActiveCfg = Debug|Any CPU
		{945E4E9E-D726-B798-3F37-BE6CBD5FDE1E}.Debug|x86.Build.0 = Debug|Any CPU
		{945E4E9E-D726-B798-3F37-BE6CBD5FDE1E}.Release|ARM.ActiveCfg = Release|Any CPU
		{945E4E9E-D726-B798-3F37-BE6CBD5FDE1E}.Release|ARM.Build.0 = Release|Any CPU
		{945E4E9E-D726-B798-3F37-BE6CBD5FDE1E}.Release|ARM64.ActiveCfg = Release|Any CPU
		{945E4E9E-D726-B798-3F37-BE6CBD5FDE1E}.Release|ARM64.Build.0 = Release|Any CPU
		{945E4E9E-D726-B798-3F37-BE6CBD5FDE1E}.Release|x64.ActiveCfg = Release|Any CPU
		{945E4E9E-D726-B798-3F37-BE6CBD5FDE1E}.Release|x64.Build.0 = Release|Any CPU
		{945E4E9E-D726-B798-3F37-BE6CBD5FDE1E}.Release|x86.ActiveCfg = Release|Any CPU
		{945E4E9E-D726-B798-3F37-BE6CBD5FDE1E}.Release|x86.Build.0 = Release|Any CPU
		{940D8585-7CB2-A024-D9D6-1377EE44151D}.Debug|ARM.ActiveCfg = Debug|Any CPU
		{940D8585-7CB2-A024-D9D6-1377EE44151D}.Debug|ARM.Build.0 = Debug|Any CPU
		{940D8585-7CB2-A024-D9D6-1377EE44151D}.Debug|ARM64.ActiveCfg = Debug|Any CPU
		{940D8585-7CB2-A024-D9D6-1377EE44151D}.Debug|ARM64.Build.0 = Debug|Any CPU
		{940D8585-7CB2-A024-D9D6-1377EE44151D}.Debug|x64.ActiveCfg = Debug|Any CPU
		{940D8585-7CB2-A024-D9D6-1377EE44151D}.Debug|x64.Build.0 = Debug|Any CPU
		{940D8585-7CB2-A024-D9D6-1377EE44151D}.Debug|x86.ActiveCfg = Debug|Any CPU
		{940D8585-7CB2-A024-D9D6-1377EE44151D}.Debug|x86.Build.0 = Debug|Any CPU
		{940D8585-7CB2-A024-D9D6-1377EE44151D}.Release|ARM.ActiveCfg = Release|Any CPU
		{940D8585-7CB2-A024-D9D6-1377EE44151D}.Release|ARM.Build.0 = Release|Any CPU
		{940D8585-7CB2-A024-D9D6-1377EE44151D}.Release|ARM64.ActiveCfg = Release|Any CPU
		{940D8585-7CB2-A024-D9D6-1377EE44151D}.Release|ARM64.Build.0 = Release|Any CPU
		{940D8585-7CB2-A024-D9D6-1377EE44151D}.Release|x64.ActiveCfg = Release|Any CPU
		{940D8585-7CB2-A024-D9D6-1377EE44151D}.Release|x64.Build.0 = Release|Any CPU
		{940D8585-7CB2-A024-D9D6-1377EE44151D}.Release|x86.ActiveCfg = Release|Any CPU
		{940D8585-7CB2-A024-D9D6-1377EE44151D}.Release|x86.Build.0 = Release|Any CPU
		{E3C837EA-74A6-45BD-B429-6B746035B331}.Debug|ARM.ActiveCfg = Debug|Any CPU
		{E3C837EA-74A6-45BD-B429-6B746035B331}.Debug|ARM.Build.0 = Debug|Any CPU
		{E3C837EA-74A6-45BD-B429-6B746035B331}.Debug|ARM.Deploy.0 = Debug|Any CPU
		{E3C837EA-74A6-45BD-B429-6B746035B331}.Debug|ARM64.ActiveCfg = Debug|Any CPU
		{E3C837EA-74A6-45BD-B429-6B746035B331}.Debug|ARM64.Build.0 = Debug|Any CPU
		{E3C837EA-74A6-45BD-B429-6B746035B331}.Debug|ARM64.Deploy.0 = Debug|Any CPU
		{E3C837EA-74A6-45BD-B429-6B746035B331}.Debug|x64.ActiveCfg = Debug|Any CPU
		{E3C837EA-74A6-45BD-B429-6B746035B331}.Debug|x64.Build.0 = Debug|Any CPU
		{E3C837EA-74A6-45BD-B429-6B746035B331}.Debug|x64.Deploy.0 = Debug|Any CPU
		{E3C837EA-74A6-45BD-B429-6B746035B331}.Debug|x86.ActiveCfg = Debug|Any CPU
		{E3C837EA-74A6-45BD-B429-6B746035B331}.Debug|x86.Build.0 = Debug|Any CPU
		{E3C837EA-74A6-45BD-B429-6B746035B331}.Debug|x86.Deploy.0 = Debug|Any CPU
		{E3C837EA-74A6-45BD-B429-6B746035B331}.Release|ARM.ActiveCfg = Release|Any CPU
		{E3C837EA-74A6-45BD-B429-6B746035B331}.Release|ARM.Build.0 = Release|Any CPU
		{E3C837EA-74A6-45BD-B429-6B746035B331}.Release|ARM.Deploy.0 = Release|Any CPU
		{E3C837EA-74A6-45BD-B429-6B746035B331}.Release|ARM64.ActiveCfg = Release|Any CPU
		{E3C837EA-74A6-45BD-B429-6B746035B331}.Release|ARM64.Build.0 = Release|Any CPU
		{E3C837EA-74A6-45BD-B429-6B746035B331}.Release|ARM64.Deploy.0 = Release|Any CPU
		{E3C837EA-74A6-45BD-B429-6B746035B331}.Release|x64.ActiveCfg = Release|Any CPU
		{E3C837EA-74A6-45BD-B429-6B746035B331}.Release|x64.Build.0 = Release|Any CPU
		{E3C837EA-74A6-45BD-B429-6B746035B331}.Release|x64.Deploy.0 = Release|Any CPU
		{E3C837EA-74A6-45BD-B429-6B746035B331}.Release|x86.ActiveCfg = Release|Any CPU
		{E3C837EA-74A6-45BD-B429-6B746035B331}.Release|x86.Build.0 = Release|Any CPU
		{E3C837EA-74A6-45BD-B429-6B746035B331}.Release|x86.Deploy.0 = Release|Any CPU
		{A88AC190-12FB-9550-B013-4E6935955CB2}.Debug|ARM.ActiveCfg = Debug|Any CPU
		{A88AC190-12FB-9550-B013-4E6935955CB2}.Debug|ARM.Build.0 = Debug|Any CPU
		{A88AC190-12FB-9550-B013-4E6935955CB2}.Debug|ARM64.ActiveCfg = Debug|Any CPU
		{A88AC190-12FB-9550-B013-4E6935955CB2}.Debug|ARM64.Build.0 = Debug|Any CPU
		{A88AC190-12FB-9550-B013-4E6935955CB2}.Debug|x64.ActiveCfg = Debug|Any CPU
		{A88AC190-12FB-9550-B013-4E6935955CB2}.Debug|x64.Build.0 = Debug|Any CPU
		{A88AC190-12FB-9550-B013-4E6935955CB2}.Debug|x86.ActiveCfg = Debug|Any CPU
		{A88AC190-12FB-9550-B013-4E6935955CB2}.Debug|x86.Build.0 = Debug|Any CPU
		{A88AC190-12FB-9550-B013-4E6935955CB2}.Release|ARM.ActiveCfg = Release|Any CPU
		{A88AC190-12FB-9550-B013-4E6935955CB2}.Release|ARM.Build.0 = Release|Any CPU
		{A88AC190-12FB-9550-B013-4E6935955CB2}.Release|ARM64.ActiveCfg = Release|Any CPU
		{A88AC190-12FB-9550-B013-4E6935955CB2}.Release|ARM64.Build.0 = Release|Any CPU
		{A88AC190-12FB-9550-B013-4E6935955CB2}.Release|x64.ActiveCfg = Release|Any CPU
		{A88AC190-12FB-9550-B013-4E6935955CB2}.Release|x64.Build.0 = Release|Any CPU
		{A88AC190-12FB-9550-B013-4E6935955CB2}.Release|x86.ActiveCfg = Release|Any CPU
		{A88AC190-12FB-9550-B013-4E6935955CB2}.Release|x86.Build.0 = Release|Any CPU
		{771076D2-3394-4816-A4A1-1A13F3B267AB}.Debug|ARM.ActiveCfg = Debug|Any CPU
		{771076D2-3394-4816-A4A1-1A13F3B267AB}.Debug|ARM.Build.0 = Debug|Any CPU
		{771076D2-3394-4816-A4A1-1A13F3B267AB}.Debug|ARM.Deploy.0 = Debug|Any CPU
		{771076D2-3394-4816-A4A1-1A13F3B267AB}.Debug|ARM64.ActiveCfg = Debug|Any CPU
		{771076D2-3394-4816-A4A1-1A13F3B267AB}.Debug|ARM64.Build.0 = Debug|Any CPU
		{771076D2-3394-4816-A4A1-1A13F3B267AB}.Debug|ARM64.Deploy.0 = Debug|Any CPU
		{771076D2-3394-4816-A4A1-1A13F3B267AB}.Debug|x64.ActiveCfg = Debug|Any CPU
		{771076D2-3394-4816-A4A1-1A13F3B267AB}.Debug|x64.Build.0 = Debug|Any CPU
		{771076D2-3394-4816-A4A1-1A13F3B267AB}.Debug|x64.Deploy.0 = Debug|Any CPU
		{771076D2-3394-4816-A4A1-1A13F3B267AB}.Debug|x86.ActiveCfg = Debug|Any CPU
		{771076D2-3394-4816-A4A1-1A13F3B267AB}.Debug|x86.Build.0 = Debug|Any CPU
		{771076D2-3394-4816-A4A1-1A13F3B267AB}.Debug|x86.Deploy.0 = Debug|Any CPU
		{771076D2-3394-4816-A4A1-1A13F3B267AB}.Release|ARM.ActiveCfg = Release|Any CPU
		{771076D2-3394-4816-A4A1-1A13F3B267AB}.Release|ARM.Build.0 = Release|Any CPU
		{771076D2-3394-4816-A4A1-1A13F3B267AB}.Release|ARM.Deploy.0 = Release|Any CPU
		{771076D2-3394-4816-A4A1-1A13F3B267AB}.Release|ARM64.ActiveCfg = Release|Any CPU
		{771076D2-3394-4816-A4A1-1A13F3B267AB}.Release|ARM64.Build.0 = Release|Any CPU
		{771076D2-3394-4816-A4A1-1A13F3B267AB}.Release|ARM64.Deploy.0 = Release|Any CPU
		{771076D2-3394-4816-A4A1-1A13F3B267AB}.Release|x64.ActiveCfg = Release|Any CPU
		{771076D2-3394-4816-A4A1-1A13F3B267AB}.Release|x64.Build.0 = Release|Any CPU
		{771076D2-3394-4816-A4A1-1A13F3B267AB}.Release|x64.Deploy.0 = Release|Any CPU
		{771076D2-3394-4816-A4A1-1A13F3B267AB}.Release|x86.ActiveCfg = Release|Any CPU
		{771076D2-3394-4816-A4A1-1A13F3B267AB}.Release|x86.Build.0 = Release|Any CPU
		{771076D2-3394-4816-A4A1-1A13F3B267AB}.Release|x86.Deploy.0 = Release|Any CPU
	EndGlobalSection
	GlobalSection(SolutionProperties) = preSolution
		HideSolutionNode = FALSE
	EndGlobalSection
	GlobalSection(NestedProjects) = preSolution
		{A3C5B1CA-49D4-427F-899B-65B142629136} = {02EA681E-C7D8-13C7-8484-4AC65E1B71E8}
		{C925B437-6251-40C7-A1FC-55CA3C6F025C} = {02EA681E-C7D8-13C7-8484-4AC65E1B71E8}
		{136BA5DE-6D64-4FDA-9FD8-55CA15CF70AA} = {02EA681E-C7D8-13C7-8484-4AC65E1B71E8}
		{0C490037-BD08-418D-B235-50109902E9D4} = {02EA681E-C7D8-13C7-8484-4AC65E1B71E8}
		{02EA681E-C7D8-13C7-8484-4AC65E1B71E8} = {1A36ABEF-D79F-4E97-AF4A-8067774388B5}
		{B2342B13-2EC8-4E28-AA46-C655F06F5463} = {C0F5CE0C-0496-425C-8F50-80308A8892C7}
		{D90299EB-9BE6-4E4E-B370-393CF4913712} = {C0F5CE0C-0496-425C-8F50-80308A8892C7}
		{FB7A195D-22F6-4620-A8F4-AB27EF5C1BC1} = {C0F5CE0C-0496-425C-8F50-80308A8892C7}
		{AE7192BF-5502-4115-8891-38536C9D9C3D} = {C0F5CE0C-0496-425C-8F50-80308A8892C7}
		{C0F5CE0C-0496-425C-8F50-80308A8892C7} = {1A36ABEF-D79F-4E97-AF4A-8067774388B5}
		{8FC8D406-A2CE-4210-A0DB-7B8EA29D1AFB} = {D9A05828-DF35-47F3-A9C9-619608DF165D}
		{70723F06-BB08-4483-B1AE-95C38EED0D67} = {D9A05828-DF35-47F3-A9C9-619608DF165D}
		{84CA5A33-98FE-452E-A9E5-2265395BD86B} = {D9A05828-DF35-47F3-A9C9-619608DF165D}
		{D09C5BBF-FDD6-4032-812A-DD1BFBAE3019} = {D9A05828-DF35-47F3-A9C9-619608DF165D}
		{D9A05828-DF35-47F3-A9C9-619608DF165D} = {1A36ABEF-D79F-4E97-AF4A-8067774388B5}
		{9AB42A45-659F-4C95-81E2-2739D1A0039A} = {13520D6E-A9E5-401E-B934-09D5326DE2A0}
		{13520D6E-A9E5-401E-B934-09D5326DE2A0} = {CEA30E97-9B3D-4D1D-AD90-7D396766F4B1}
		{336D9842-42F8-4B6C-91D0-7BD61B1CC5C1} = {3A35A936-DE76-4BF3-B3D8-A8BBBFEF7524}
		{3A35A936-DE76-4BF3-B3D8-A8BBBFEF7524} = {CEA30E97-9B3D-4D1D-AD90-7D396766F4B1}
		{44F95914-6C2E-43EF-AEB8-1485E88EA857} = {B158A554-FD51-4CCC-8308-1967911D904A}
		{B158A554-FD51-4CCC-8308-1967911D904A} = {CEA30E97-9B3D-4D1D-AD90-7D396766F4B1}
		{40DCB761-3339-4E44-929D-DC2770C93906} = {129A1D0E-411E-468C-8313-AFEA56D9216C}
		{129A1D0E-411E-468C-8313-AFEA56D9216C} = {CEA30E97-9B3D-4D1D-AD90-7D396766F4B1}
		{525FE0F1-CF2C-44C9-ABCD-1C28059A5C0E} = {1A36ABEF-D79F-4E97-AF4A-8067774388B5}
		{4D3A4FB6-C2FC-4D2E-99FC-602CFB9DF234} = {CEA30E97-9B3D-4D1D-AD90-7D396766F4B1}
		{9574C727-C91B-4A2A-954F-D794EC529E74} = {6F946A18-1D74-4D43-A22B-FD1618745777}
		{18F64409-2803-4678-8DFB-25191BF30E04} = {5DF05BB4-17B5-4E4C-8A6E-886C07616DD5}
		{D4E363C9-875A-44B4-B9B2-DD3EEB397465} = {9B1EBC7D-D6E1-42A0-B82E-DD97353DE416}
		{3B9EBE36-EE57-4201-986F-7CD0C15B7C61} = {9B1EBC7D-D6E1-42A0-B82E-DD97353DE416}
		{546D5F91-400F-4BF5-AFD9-D499238AE192} = {9B1EBC7D-D6E1-42A0-B82E-DD97353DE416}
		{77E45909-F5FD-4D6C-A0C5-E78E490799AB} = {9B1EBC7D-D6E1-42A0-B82E-DD97353DE416}
		{9B1EBC7D-D6E1-42A0-B82E-DD97353DE416} = {525FE0F1-CF2C-44C9-ABCD-1C28059A5C0E}
		{945E4E9E-D726-B798-3F37-BE6CBD5FDE1E} = {4E7F22A9-7DE5-42F4-866E-119F6BC22481}
		{940D8585-7CB2-A024-D9D6-1377EE44151D} = {4E7F22A9-7DE5-42F4-866E-119F6BC22481}
		{E3C837EA-74A6-45BD-B429-6B746035B331} = {4E7F22A9-7DE5-42F4-866E-119F6BC22481}
		{B9D1A410-3B23-4692-A924-EB1C3A7FAF34} = {4E7F22A9-7DE5-42F4-866E-119F6BC22481}
		{A88AC190-12FB-9550-B013-4E6935955CB2} = {B9D1A410-3B23-4692-A924-EB1C3A7FAF34}
		{771076D2-3394-4816-A4A1-1A13F3B267AB} = {B9D1A410-3B23-4692-A924-EB1C3A7FAF34}
	EndGlobalSection
	GlobalSection(ExtensibilityGlobals) = postSolution
		SolutionGuid = {6816423F-9EA7-451E-BA96-D349244DE7A0}
	EndGlobalSection
EndGlobal
